
Microsoft Visual Studio Solution File, Format Version 12.00
# Visual Studio 15
VisualStudioVersion = 15.0.27428.1
MinimumVisualStudioVersion = 10.0.40219.1
Project("{00D1A9C2-B5F0-4AF3-8072-F6C62B433612}") = "SchoolDatabase", "SchoolDatabase\SchoolDatabase.sqlproj", "{411CF3AB-0F8B-42C2-BBA9-46C441502F1F}"
EndProject
Global
	GlobalSection(SolutionConfigurationPlatforms) = preSolution
		Debug|Any CPU = Debug|Any CPU
		Release|Any CPU = Release|Any CPU
	EndGlobalSection
	GlobalSection(ProjectConfigurationPlatforms) = postSolution
		{411CF3AB-0F8B-42C2-BBA9-46C441502F1F}.Debug|Any CPU.ActiveCfg = Debug|Any CPU
		{411CF3AB-0F8B-42C2-BBA9-46C441502F1F}.Debug|Any CPU.Build.0 = Debug|Any CPU
		{411CF3AB-0F8B-42C2-BBA9-46C441502F1F}.Debug|Any CPU.Deploy.0 = Debug|Any CPU
		{411CF3AB-0F8B-42C2-BBA9-46C441502F1F}.Release|Any CPU.ActiveCfg = Release|Any CPU
		{411CF3AB-0F8B-42C2-BBA9-46C441502F1F}.Release|Any CPU.Build.0 = Release|Any CPU
		{411CF3AB-0F8B-42C2-BBA9-46C441502F1F}.Release|Any CPU.Deploy.0 = Release|Any CPU
	EndGlobalSection
	GlobalSection(SolutionProperties) = preSolution
		HideSolutionNode = FALSE
	EndGlobalSection
	GlobalSection(ExtensibilityGlobals) = postSolution
		SolutionGuid = {BA5FBC25-647F-4357-B61F-93220A07976A}
	EndGlobalSection
EndGlobal
